// !$*UTF8*$!
{
	archiveVersion = 1;
	classes = {
	};
	objectVersion = 56;
	objects = {

/* Begin PBXBuildFile section */
		D21A57BE2CCA65AB00AC2D13 /* MarketData+Assertions.swift in Sources */ = {isa = PBXBuildFile; fileRef = D21A57BD2CCA65AB00AC2D13 /* MarketData+Assertions.swift */; };
		D21A57C12CCAA8BC00AC2D13 /* ErrorFactoryMock.swift in Sources */ = {isa = PBXBuildFile; fileRef = D21A57C02CCAA8BC00AC2D13 /* ErrorFactoryMock.swift */; };
		D21A57C32CCAAB9400AC2D13 /* Error+Assertions.swift in Sources */ = {isa = PBXBuildFile; fileRef = D21A57C22CCAAB9400AC2D13 /* Error+Assertions.swift */; };
		D220D71F2CEC8BD4004C8EAB /* ContentView.swift in Sources */ = {isa = PBXBuildFile; fileRef = D220D71E2CEC8BD4004C8EAB /* ContentView.swift */; };
		D220D72C2CEC97A3004C8EAB /* FirebaseAnalyticsWithoutAdIdSupport in Frameworks */ = {isa = PBXBuildFile; productRef = D220D72B2CEC97A3004C8EAB /* FirebaseAnalyticsWithoutAdIdSupport */; };
		D220D7352CEC99D2004C8EAB /* AccountView.swift in Sources */ = {isa = PBXBuildFile; fileRef = D220D7342CEC99D2004C8EAB /* AccountView.swift */; };
		D220D7372CEC99DA004C8EAB /* AccountViewModel.swift in Sources */ = {isa = PBXBuildFile; fileRef = D220D7362CEC99DA004C8EAB /* AccountViewModel.swift */; };
		D220D73D2CECA702004C8EAB /* GoogleSignInSwift in Frameworks */ = {isa = PBXBuildFile; productRef = D220D73C2CECA702004C8EAB /* GoogleSignInSwift */; };
		D220D73F2CECEBF4004C8EAB /* GoogleSignInSwift in Frameworks */ = {isa = PBXBuildFile; productRef = D220D73E2CECEBF4004C8EAB /* GoogleSignInSwift */; };
		D220D7472CECF7AB004C8EAB /* FirebaseAnalyticsWithoutAdIdSupport in Frameworks */ = {isa = PBXBuildFile; productRef = D220D7462CECF7AB004C8EAB /* FirebaseAnalyticsWithoutAdIdSupport */; };
		D220D7492CECF7AB004C8EAB /* FirebaseAuth in Frameworks */ = {isa = PBXBuildFile; productRef = D220D7482CECF7AB004C8EAB /* FirebaseAuth */; };
		D220D74B2CECFF16004C8EAB /* UIApplication+Extensions.swift in Sources */ = {isa = PBXBuildFile; fileRef = D220D74A2CECFF16004C8EAB /* UIApplication+Extensions.swift */; };
		D220D74D2CED04B6004C8EAB /* BaseView.swift in Sources */ = {isa = PBXBuildFile; fileRef = D220D74C2CED04B6004C8EAB /* BaseView.swift */; };
		D220D7522CEF3128004C8EAB /* GoogleService-Info.plist in Resources */ = {isa = PBXBuildFile; fileRef = D220D7512CEF3128004C8EAB /* GoogleService-Info.plist */; };
		D220D7532CEF3128004C8EAB /* GoogleService-Info.plist in Resources */ = {isa = PBXBuildFile; fileRef = D220D7512CEF3128004C8EAB /* GoogleService-Info.plist */; };
		D220D7552CF0B47F004C8EAB /* SelectionView.swift in Sources */ = {isa = PBXBuildFile; fileRef = D220D7542CF0B47F004C8EAB /* SelectionView.swift */; };
		D22D33992CB92721007997DD /* CoinData.swift in Sources */ = {isa = PBXBuildFile; fileRef = D22D33982CB92721007997DD /* CoinData.swift */; };
		D22D339D2CB92ABC007997DD /* SwiftDataManager.swift in Sources */ = {isa = PBXBuildFile; fileRef = D22D339C2CB92ABC007997DD /* SwiftDataManager.swift */; };
		D22D33A02CB9342A007997DD /* SwiftDataError.swift in Sources */ = {isa = PBXBuildFile; fileRef = D22D339F2CB9342A007997DD /* SwiftDataError.swift */; };
		D22D33A32CB958A5007997DD /* DescriptiveError.swift in Sources */ = {isa = PBXBuildFile; fileRef = D22D33A22CB958A5007997DD /* DescriptiveError.swift */; };
		D2A52FDD2CEBC415003C1275 /* AppConfig.swift in Sources */ = {isa = PBXBuildFile; fileRef = D2A52FDC2CEBC415003C1275 /* AppConfig.swift */; };
		D2AAC1EE2CCFD17B00CBAFB0 /* Color+Extensions.swift in Sources */ = {isa = PBXBuildFile; fileRef = D2AAC1ED2CCFD17B00CBAFB0 /* Color+Extensions.swift */; };
		D2AAC1F62CCFF83B00CBAFB0 /* Colors.xcassets in Resources */ = {isa = PBXBuildFile; fileRef = D2AAC1F52CCFF83B00CBAFB0 /* Colors.xcassets */; };
		D2ADB8F22CE5FCD0004DA208 /* ChartTimeframe.swift in Sources */ = {isa = PBXBuildFile; fileRef = D2ADB8F12CE5FCD0004DA208 /* ChartTimeframe.swift */; };
		D2ADB8F52CE5FCF2004DA208 /* Currency.swift in Sources */ = {isa = PBXBuildFile; fileRef = D2ADB8F42CE5FCF2004DA208 /* Currency.swift */; };
		D2D0F9EC2CC2DF3F00712717 /* CoinFactoryMock.swift in Sources */ = {isa = PBXBuildFile; fileRef = D2D0F9EB2CC2DF3F00712717 /* CoinFactoryMock.swift */; };
		D2D0F9EE2CC2E0C300712717 /* Coin+Assertions.swift in Sources */ = {isa = PBXBuildFile; fileRef = D2D0F9ED2CC2E0C300712717 /* Coin+Assertions.swift */; };
		D2EFF9032CDA2EDE004AA5A5 /* ChartShape.swift in Sources */ = {isa = PBXBuildFile; fileRef = D2EFF9022CDA2EDE004AA5A5 /* ChartShape.swift */; };
		D2EFF9052CDA2F32004AA5A5 /* Comparable+Extensions.swift in Sources */ = {isa = PBXBuildFile; fileRef = D2EFF9042CDA2F32004AA5A5 /* Comparable+Extensions.swift */; };
		D2EFF9072CDCF6EF004AA5A5 /* Optional+Extensions.swift in Sources */ = {isa = PBXBuildFile; fileRef = D2EFF9062CDCF6EE004AA5A5 /* Optional+Extensions.swift */; };
		D2EFF90C2CDD111C004AA5A5 /* CoinDetailsViewModel.swift in Sources */ = {isa = PBXBuildFile; fileRef = D2EFF90B2CDD111C004AA5A5 /* CoinDetailsViewModel.swift */; };
		D2EFF90E2CDD1129004AA5A5 /* CoinDetailsView.swift in Sources */ = {isa = PBXBuildFile; fileRef = D2EFF90D2CDD1129004AA5A5 /* CoinDetailsView.swift */; };
		D2EFF9142CDE20B8004AA5A5 /* ChartData.swift in Sources */ = {isa = PBXBuildFile; fileRef = D2EFF9132CDE20B8004AA5A5 /* ChartData.swift */; };
		D2EFF9162CDE4C88004AA5A5 /* Date+Extensions.swift in Sources */ = {isa = PBXBuildFile; fileRef = D2EFF9152CDE4C88004AA5A5 /* Date+Extensions.swift */; };
		D2EFF91B2CE23A8F004AA5A5 /* ChartDataFactoryMock.swift in Sources */ = {isa = PBXBuildFile; fileRef = D2EFF91A2CE23A8F004AA5A5 /* ChartDataFactoryMock.swift */; };
		D2EFF91D2CE23DD0004AA5A5 /* ChartData+Assertions.swift in Sources */ = {isa = PBXBuildFile; fileRef = D2EFF91C2CE23DD0004AA5A5 /* ChartData+Assertions.swift */; };
		D2EFF91F2CE24301004AA5A5 /* CoinDetailsViewModelTests.swift in Sources */ = {isa = PBXBuildFile; fileRef = D2EFF91E2CE24301004AA5A5 /* CoinDetailsViewModelTests.swift */; };
		D2F6DD642CC650D4009EF857 /* PriceAlertServiceTests.swift in Sources */ = {isa = PBXBuildFile; fileRef = D2F6DD632CC650D4009EF857 /* PriceAlertServiceTests.swift */; };
		D2F6DD682CC6514E009EF857 /* PriceAlertFactoryMock.swift in Sources */ = {isa = PBXBuildFile; fileRef = D2F6DD672CC6514E009EF857 /* PriceAlertFactoryMock.swift */; };
		D2F6DD6A2CC65216009EF857 /* PriceAlert+Assertions.swift in Sources */ = {isa = PBXBuildFile; fileRef = D2F6DD692CC65216009EF857 /* PriceAlert+Assertions.swift */; };
		D2F6DD6C2CC682C3009EF857 /* PriceAlertServiceMock.swift in Sources */ = {isa = PBXBuildFile; fileRef = D2F6DD6B2CC682C3009EF857 /* PriceAlertServiceMock.swift */; };
		FA07AC2629F91120008F6484 /* MarketData.swift in Sources */ = {isa = PBXBuildFile; fileRef = FA07AC2529F91120008F6484 /* MarketData.swift */; };
		FA07AC3029F93292008F6484 /* Double+Extensions.swift in Sources */ = {isa = PBXBuildFile; fileRef = FA07AC2F29F93292008F6484 /* Double+Extensions.swift */; };
		FA61B3F12A41B71D008A9FB9 /* BaseViewModel.swift in Sources */ = {isa = PBXBuildFile; fileRef = FA61B3F02A41B71D008A9FB9 /* BaseViewModel.swift */; };
		FA8A08852A1CF8500083B8DB /* AppDelegate.swift in Sources */ = {isa = PBXBuildFile; fileRef = FA8A08842A1CF8500083B8DB /* AppDelegate.swift */; };
		FA8A08892A1CFA820083B8DB /* PriceAlertService.swift in Sources */ = {isa = PBXBuildFile; fileRef = FA8A08882A1CFA820083B8DB /* PriceAlertService.swift */; };
		FA8A088D2A1CFAF90083B8DB /* PriceAlert.swift in Sources */ = {isa = PBXBuildFile; fileRef = FA8A088C2A1CFAF90083B8DB /* PriceAlert.swift */; };
		FA8A08902A1CFD040083B8DB /* UserDefaultsManager.swift in Sources */ = {isa = PBXBuildFile; fileRef = FA8A088F2A1CFD040083B8DB /* UserDefaultsManager.swift */; };
		FA8A08922A1CFD130083B8DB /* UserDefaultsError.swift in Sources */ = {isa = PBXBuildFile; fileRef = FA8A08912A1CFD130083B8DB /* UserDefaultsError.swift */; };
		FA8F60CA2A4DA40A0050C983 /* MarketDataFactoryMock.swift in Sources */ = {isa = PBXBuildFile; fileRef = FA8F60C92A4DA40A0050C983 /* MarketDataFactoryMock.swift */; };
		FAA83CC82A3B6E37001DEE1E /* UserDefaultsManagerMock.swift in Sources */ = {isa = PBXBuildFile; fileRef = FAA83CC72A3B6E37001DEE1E /* UserDefaultsManagerMock.swift */; };
		FAB361F729F447DB00A88050 /* WenMoonApp.swift in Sources */ = {isa = PBXBuildFile; fileRef = FAB361F629F447DB00A88050 /* WenMoonApp.swift */; };
		FAB361FE29F447DB00A88050 /* CoinListView.swift in Sources */ = {isa = PBXBuildFile; fileRef = FAB361FD29F447DB00A88050 /* CoinListView.swift */; };
		FAB3620029F447DC00A88050 /* Icons.xcassets in Resources */ = {isa = PBXBuildFile; fileRef = FAB361FF29F447DC00A88050 /* Icons.xcassets */; };
		FAB3623629F4513B00A88050 /* HTTPRequest.swift in Sources */ = {isa = PBXBuildFile; fileRef = FAB3623529F4513B00A88050 /* HTTPRequest.swift */; };
		FAB3623829F4514B00A88050 /* APIError.swift in Sources */ = {isa = PBXBuildFile; fileRef = FAB3623729F4514B00A88050 /* APIError.swift */; };
		FAB3623A29F4515C00A88050 /* HTTPClient.swift in Sources */ = {isa = PBXBuildFile; fileRef = FAB3623929F4515C00A88050 /* HTTPClient.swift */; };
		FAB3623C29F4517800A88050 /* BaseBackendService.swift in Sources */ = {isa = PBXBuildFile; fileRef = FAB3623B29F4517800A88050 /* BaseBackendService.swift */; };
		FAB3624429F453C700A88050 /* Coin.swift in Sources */ = {isa = PBXBuildFile; fileRef = FAB3624329F453C700A88050 /* Coin.swift */; };
		FAB3624729F453DD00A88050 /* CoinSearchResult.swift in Sources */ = {isa = PBXBuildFile; fileRef = FAB3624629F453DD00A88050 /* CoinSearchResult.swift */; };
		FAB3624A29F453FC00A88050 /* CoinScannerService.swift in Sources */ = {isa = PBXBuildFile; fileRef = FAB3624929F453FC00A88050 /* CoinScannerService.swift */; };
		FAB3625029F4547100A88050 /* HTTPClientMock.swift in Sources */ = {isa = PBXBuildFile; fileRef = FAB3624F29F4547100A88050 /* HTTPClientMock.swift */; };
		FAB3625329F4549800A88050 /* CoinScannerServiceTests.swift in Sources */ = {isa = PBXBuildFile; fileRef = FAB3625229F4549800A88050 /* CoinScannerServiceTests.swift */; };
		FAB3625729F457DC00A88050 /* AddCoinView.swift in Sources */ = {isa = PBXBuildFile; fileRef = FAB3625629F457DC00A88050 /* AddCoinView.swift */; };
		FAB3625A29F4580C00A88050 /* AddCoinViewModel.swift in Sources */ = {isa = PBXBuildFile; fileRef = FAB3625929F4580C00A88050 /* AddCoinViewModel.swift */; };
		FAB3625F29F4595D00A88050 /* CoinScannerServiceMock.swift in Sources */ = {isa = PBXBuildFile; fileRef = FAB3625E29F4595D00A88050 /* CoinScannerServiceMock.swift */; };
		FAB3626229F4598F00A88050 /* AddCoinViewModelTests.swift in Sources */ = {isa = PBXBuildFile; fileRef = FAB3626129F4598F00A88050 /* AddCoinViewModelTests.swift */; };
		FAB3626A29F4651F00A88050 /* CoinListViewModel.swift in Sources */ = {isa = PBXBuildFile; fileRef = FAB3626929F4651F00A88050 /* CoinListViewModel.swift */; };
		FAB3627529F469E700A88050 /* CoinListViewModelTests.swift in Sources */ = {isa = PBXBuildFile; fileRef = FAB3627429F469E700A88050 /* CoinListViewModelTests.swift */; };
		FACB39AE29FABBC800AA613E /* SwiftDataManagerMock.swift in Sources */ = {isa = PBXBuildFile; fileRef = FACB39AD29FABBC800AA613E /* SwiftDataManagerMock.swift */; };
		FAE0231E2A1E11F3009BA135 /* Notification+Name.swift in Sources */ = {isa = PBXBuildFile; fileRef = FAE0231D2A1E11F3009BA135 /* Notification+Name.swift */; };
/* End PBXBuildFile section */

/* Begin PBXContainerItemProxy section */
		FAB3620A29F447DC00A88050 /* PBXContainerItemProxy */ = {
			isa = PBXContainerItemProxy;
			containerPortal = FAB361EB29F447DB00A88050 /* Project object */;
			proxyType = 1;
			remoteGlobalIDString = FAB361F229F447DB00A88050;
			remoteInfo = WenMoon;
		};
/* End PBXContainerItemProxy section */

/* Begin PBXFileReference section */
		D21A57BD2CCA65AB00AC2D13 /* MarketData+Assertions.swift */ = {isa = PBXFileReference; lastKnownFileType = sourcecode.swift; path = "MarketData+Assertions.swift"; sourceTree = "<group>"; };
		D21A57C02CCAA8BC00AC2D13 /* ErrorFactoryMock.swift */ = {isa = PBXFileReference; lastKnownFileType = sourcecode.swift; path = ErrorFactoryMock.swift; sourceTree = "<group>"; };
		D21A57C22CCAAB9400AC2D13 /* Error+Assertions.swift */ = {isa = PBXFileReference; lastKnownFileType = sourcecode.swift; path = "Error+Assertions.swift"; sourceTree = "<group>"; };
		D220D71E2CEC8BD4004C8EAB /* ContentView.swift */ = {isa = PBXFileReference; lastKnownFileType = sourcecode.swift; path = ContentView.swift; sourceTree = "<group>"; };
		D220D7342CEC99D2004C8EAB /* AccountView.swift */ = {isa = PBXFileReference; lastKnownFileType = sourcecode.swift; path = AccountView.swift; sourceTree = "<group>"; };
		D220D7362CEC99DA004C8EAB /* AccountViewModel.swift */ = {isa = PBXFileReference; lastKnownFileType = sourcecode.swift; path = AccountViewModel.swift; sourceTree = "<group>"; };
		D220D74A2CECFF16004C8EAB /* UIApplication+Extensions.swift */ = {isa = PBXFileReference; lastKnownFileType = sourcecode.swift; path = "UIApplication+Extensions.swift"; sourceTree = "<group>"; };
		D220D74C2CED04B6004C8EAB /* BaseView.swift */ = {isa = PBXFileReference; lastKnownFileType = sourcecode.swift; path = BaseView.swift; sourceTree = "<group>"; };
		D220D7512CEF3128004C8EAB /* GoogleService-Info.plist */ = {isa = PBXFileReference; lastKnownFileType = text.plist.xml; path = "GoogleService-Info.plist"; sourceTree = "<group>"; };
		D220D7542CF0B47F004C8EAB /* SelectionView.swift */ = {isa = PBXFileReference; lastKnownFileType = sourcecode.swift; path = SelectionView.swift; sourceTree = "<group>"; };
		D22D33982CB92721007997DD /* CoinData.swift */ = {isa = PBXFileReference; lastKnownFileType = sourcecode.swift; path = CoinData.swift; sourceTree = "<group>"; };
		D22D339C2CB92ABC007997DD /* SwiftDataManager.swift */ = {isa = PBXFileReference; lastKnownFileType = sourcecode.swift; path = SwiftDataManager.swift; sourceTree = "<group>"; };
		D22D339F2CB9342A007997DD /* SwiftDataError.swift */ = {isa = PBXFileReference; lastKnownFileType = sourcecode.swift; path = SwiftDataError.swift; sourceTree = "<group>"; };
		D22D33A22CB958A5007997DD /* DescriptiveError.swift */ = {isa = PBXFileReference; lastKnownFileType = sourcecode.swift; path = DescriptiveError.swift; sourceTree = "<group>"; };
		D2A52FDA2CEB8B38003C1275 /* Debug.xcconfig */ = {isa = PBXFileReference; lastKnownFileType = text.xcconfig; path = Debug.xcconfig; sourceTree = "<group>"; };
		D2A52FDB2CEB8C0C003C1275 /* Release.xcconfig */ = {isa = PBXFileReference; lastKnownFileType = text.xcconfig; path = Release.xcconfig; sourceTree = "<group>"; };
		D2A52FDC2CEBC415003C1275 /* AppConfig.swift */ = {isa = PBXFileReference; lastKnownFileType = sourcecode.swift; path = AppConfig.swift; sourceTree = "<group>"; };
		D2AAC1ED2CCFD17B00CBAFB0 /* Color+Extensions.swift */ = {isa = PBXFileReference; lastKnownFileType = sourcecode.swift; path = "Color+Extensions.swift"; sourceTree = "<group>"; };
		D2AAC1F42CCFF3A900CBAFB0 /* Info.plist */ = {isa = PBXFileReference; lastKnownFileType = text.plist.xml; path = Info.plist; sourceTree = "<group>"; };
		D2AAC1F52CCFF83B00CBAFB0 /* Colors.xcassets */ = {isa = PBXFileReference; lastKnownFileType = folder.assetcatalog; path = Colors.xcassets; sourceTree = "<group>"; };
		D2ADB8F12CE5FCD0004DA208 /* ChartTimeframe.swift */ = {isa = PBXFileReference; lastKnownFileType = sourcecode.swift; path = ChartTimeframe.swift; sourceTree = "<group>"; };
		D2ADB8F42CE5FCF2004DA208 /* Currency.swift */ = {isa = PBXFileReference; lastKnownFileType = sourcecode.swift; path = Currency.swift; sourceTree = "<group>"; };
		D2D0F9EB2CC2DF3F00712717 /* CoinFactoryMock.swift */ = {isa = PBXFileReference; lastKnownFileType = sourcecode.swift; path = CoinFactoryMock.swift; sourceTree = "<group>"; };
		D2D0F9ED2CC2E0C300712717 /* Coin+Assertions.swift */ = {isa = PBXFileReference; lastKnownFileType = sourcecode.swift; path = "Coin+Assertions.swift"; sourceTree = "<group>"; };
		D2EFF9022CDA2EDE004AA5A5 /* ChartShape.swift */ = {isa = PBXFileReference; lastKnownFileType = sourcecode.swift; path = ChartShape.swift; sourceTree = "<group>"; };
		D2EFF9042CDA2F32004AA5A5 /* Comparable+Extensions.swift */ = {isa = PBXFileReference; lastKnownFileType = sourcecode.swift; path = "Comparable+Extensions.swift"; sourceTree = "<group>"; };
		D2EFF9062CDCF6EE004AA5A5 /* Optional+Extensions.swift */ = {isa = PBXFileReference; lastKnownFileType = sourcecode.swift; path = "Optional+Extensions.swift"; sourceTree = "<group>"; };
		D2EFF90B2CDD111C004AA5A5 /* CoinDetailsViewModel.swift */ = {isa = PBXFileReference; lastKnownFileType = sourcecode.swift; path = CoinDetailsViewModel.swift; sourceTree = "<group>"; };
		D2EFF90D2CDD1129004AA5A5 /* CoinDetailsView.swift */ = {isa = PBXFileReference; lastKnownFileType = sourcecode.swift; path = CoinDetailsView.swift; sourceTree = "<group>"; };
		D2EFF9132CDE20B8004AA5A5 /* ChartData.swift */ = {isa = PBXFileReference; lastKnownFileType = sourcecode.swift; path = ChartData.swift; sourceTree = "<group>"; };
		D2EFF9152CDE4C88004AA5A5 /* Date+Extensions.swift */ = {isa = PBXFileReference; lastKnownFileType = sourcecode.swift; path = "Date+Extensions.swift"; sourceTree = "<group>"; };
		D2EFF91A2CE23A8F004AA5A5 /* ChartDataFactoryMock.swift */ = {isa = PBXFileReference; lastKnownFileType = sourcecode.swift; path = ChartDataFactoryMock.swift; sourceTree = "<group>"; };
		D2EFF91C2CE23DD0004AA5A5 /* ChartData+Assertions.swift */ = {isa = PBXFileReference; lastKnownFileType = sourcecode.swift; path = "ChartData+Assertions.swift"; sourceTree = "<group>"; };
		D2EFF91E2CE24301004AA5A5 /* CoinDetailsViewModelTests.swift */ = {isa = PBXFileReference; lastKnownFileType = sourcecode.swift; path = CoinDetailsViewModelTests.swift; sourceTree = "<group>"; };
		D2F6DD632CC650D4009EF857 /* PriceAlertServiceTests.swift */ = {isa = PBXFileReference; lastKnownFileType = sourcecode.swift; path = PriceAlertServiceTests.swift; sourceTree = "<group>"; };
		D2F6DD672CC6514E009EF857 /* PriceAlertFactoryMock.swift */ = {isa = PBXFileReference; lastKnownFileType = sourcecode.swift; path = PriceAlertFactoryMock.swift; sourceTree = "<group>"; };
		D2F6DD692CC65216009EF857 /* PriceAlert+Assertions.swift */ = {isa = PBXFileReference; lastKnownFileType = sourcecode.swift; path = "PriceAlert+Assertions.swift"; sourceTree = "<group>"; };
		D2F6DD6B2CC682C3009EF857 /* PriceAlertServiceMock.swift */ = {isa = PBXFileReference; lastKnownFileType = sourcecode.swift; path = PriceAlertServiceMock.swift; sourceTree = "<group>"; };
		FA07AC2529F91120008F6484 /* MarketData.swift */ = {isa = PBXFileReference; lastKnownFileType = sourcecode.swift; path = MarketData.swift; sourceTree = "<group>"; };
		FA07AC2F29F93292008F6484 /* Double+Extensions.swift */ = {isa = PBXFileReference; lastKnownFileType = sourcecode.swift; path = "Double+Extensions.swift"; sourceTree = "<group>"; };
		FA61B3F02A41B71D008A9FB9 /* BaseViewModel.swift */ = {isa = PBXFileReference; lastKnownFileType = sourcecode.swift; path = BaseViewModel.swift; sourceTree = "<group>"; };
		FA8A08842A1CF8500083B8DB /* AppDelegate.swift */ = {isa = PBXFileReference; lastKnownFileType = sourcecode.swift; path = AppDelegate.swift; sourceTree = "<group>"; };
		FA8A08882A1CFA820083B8DB /* PriceAlertService.swift */ = {isa = PBXFileReference; lastKnownFileType = sourcecode.swift; path = PriceAlertService.swift; sourceTree = "<group>"; };
		FA8A088C2A1CFAF90083B8DB /* PriceAlert.swift */ = {isa = PBXFileReference; lastKnownFileType = sourcecode.swift; path = PriceAlert.swift; sourceTree = "<group>"; };
		FA8A088F2A1CFD040083B8DB /* UserDefaultsManager.swift */ = {isa = PBXFileReference; lastKnownFileType = sourcecode.swift; path = UserDefaultsManager.swift; sourceTree = "<group>"; };
		FA8A08912A1CFD130083B8DB /* UserDefaultsError.swift */ = {isa = PBXFileReference; lastKnownFileType = sourcecode.swift; path = UserDefaultsError.swift; sourceTree = "<group>"; };
		FA8F60C92A4DA40A0050C983 /* MarketDataFactoryMock.swift */ = {isa = PBXFileReference; lastKnownFileType = sourcecode.swift; path = MarketDataFactoryMock.swift; sourceTree = "<group>"; };
		FAA83CC72A3B6E37001DEE1E /* UserDefaultsManagerMock.swift */ = {isa = PBXFileReference; lastKnownFileType = sourcecode.swift; path = UserDefaultsManagerMock.swift; sourceTree = "<group>"; };
		FAB361F329F447DB00A88050 /* WenMoon.app */ = {isa = PBXFileReference; explicitFileType = wrapper.application; includeInIndex = 0; path = WenMoon.app; sourceTree = BUILT_PRODUCTS_DIR; };
		FAB361F629F447DB00A88050 /* WenMoonApp.swift */ = {isa = PBXFileReference; lastKnownFileType = sourcecode.swift; path = WenMoonApp.swift; sourceTree = "<group>"; };
		FAB361FD29F447DB00A88050 /* CoinListView.swift */ = {isa = PBXFileReference; lastKnownFileType = sourcecode.swift; path = CoinListView.swift; sourceTree = "<group>"; };
		FAB361FF29F447DC00A88050 /* Icons.xcassets */ = {isa = PBXFileReference; lastKnownFileType = folder.assetcatalog; path = Icons.xcassets; sourceTree = "<group>"; };
		FAB3620129F447DC00A88050 /* WenMoon.entitlements */ = {isa = PBXFileReference; lastKnownFileType = text.plist.entitlements; path = WenMoon.entitlements; sourceTree = "<group>"; };
		FAB3620929F447DC00A88050 /* WenMoonTests.xctest */ = {isa = PBXFileReference; explicitFileType = wrapper.cfbundle; includeInIndex = 0; path = WenMoonTests.xctest; sourceTree = BUILT_PRODUCTS_DIR; };
		FAB3623529F4513B00A88050 /* HTTPRequest.swift */ = {isa = PBXFileReference; lastKnownFileType = sourcecode.swift; path = HTTPRequest.swift; sourceTree = "<group>"; };
		FAB3623729F4514B00A88050 /* APIError.swift */ = {isa = PBXFileReference; lastKnownFileType = sourcecode.swift; path = APIError.swift; sourceTree = "<group>"; };
		FAB3623929F4515C00A88050 /* HTTPClient.swift */ = {isa = PBXFileReference; lastKnownFileType = sourcecode.swift; path = HTTPClient.swift; sourceTree = "<group>"; };
		FAB3623B29F4517800A88050 /* BaseBackendService.swift */ = {isa = PBXFileReference; lastKnownFileType = sourcecode.swift; path = BaseBackendService.swift; sourceTree = "<group>"; };
		FAB3624329F453C700A88050 /* Coin.swift */ = {isa = PBXFileReference; lastKnownFileType = sourcecode.swift; path = Coin.swift; sourceTree = "<group>"; };
		FAB3624629F453DD00A88050 /* CoinSearchResult.swift */ = {isa = PBXFileReference; lastKnownFileType = sourcecode.swift; path = CoinSearchResult.swift; sourceTree = "<group>"; };
		FAB3624929F453FC00A88050 /* CoinScannerService.swift */ = {isa = PBXFileReference; lastKnownFileType = sourcecode.swift; path = CoinScannerService.swift; sourceTree = "<group>"; };
		FAB3624F29F4547100A88050 /* HTTPClientMock.swift */ = {isa = PBXFileReference; lastKnownFileType = sourcecode.swift; path = HTTPClientMock.swift; sourceTree = "<group>"; };
		FAB3625229F4549800A88050 /* CoinScannerServiceTests.swift */ = {isa = PBXFileReference; lastKnownFileType = sourcecode.swift; path = CoinScannerServiceTests.swift; sourceTree = "<group>"; };
		FAB3625629F457DC00A88050 /* AddCoinView.swift */ = {isa = PBXFileReference; lastKnownFileType = sourcecode.swift; path = AddCoinView.swift; sourceTree = "<group>"; };
		FAB3625929F4580C00A88050 /* AddCoinViewModel.swift */ = {isa = PBXFileReference; lastKnownFileType = sourcecode.swift; path = AddCoinViewModel.swift; sourceTree = "<group>"; };
		FAB3625E29F4595D00A88050 /* CoinScannerServiceMock.swift */ = {isa = PBXFileReference; lastKnownFileType = sourcecode.swift; path = CoinScannerServiceMock.swift; sourceTree = "<group>"; };
		FAB3626129F4598F00A88050 /* AddCoinViewModelTests.swift */ = {isa = PBXFileReference; lastKnownFileType = sourcecode.swift; path = AddCoinViewModelTests.swift; sourceTree = "<group>"; };
		FAB3626929F4651F00A88050 /* CoinListViewModel.swift */ = {isa = PBXFileReference; lastKnownFileType = sourcecode.swift; path = CoinListViewModel.swift; sourceTree = "<group>"; };
		FAB3627429F469E700A88050 /* CoinListViewModelTests.swift */ = {isa = PBXFileReference; lastKnownFileType = sourcecode.swift; path = CoinListViewModelTests.swift; sourceTree = "<group>"; };
		FACB39AD29FABBC800AA613E /* SwiftDataManagerMock.swift */ = {isa = PBXFileReference; lastKnownFileType = sourcecode.swift; path = SwiftDataManagerMock.swift; sourceTree = "<group>"; };
		FAE0231D2A1E11F3009BA135 /* Notification+Name.swift */ = {isa = PBXFileReference; lastKnownFileType = sourcecode.swift; path = "Notification+Name.swift"; sourceTree = "<group>"; };
/* End PBXFileReference section */

/* Begin PBXFrameworksBuildPhase section */
		FAB361F029F447DB00A88050 /* Frameworks */ = {
			isa = PBXFrameworksBuildPhase;
			buildActionMask = 2147483647;
			files = (
				D220D73F2CECEBF4004C8EAB /* GoogleSignInSwift in Frameworks */,
				D220D7492CECF7AB004C8EAB /* FirebaseAuth in Frameworks */,
				D220D72C2CEC97A3004C8EAB /* FirebaseAnalyticsWithoutAdIdSupport in Frameworks */,
				D220D73D2CECA702004C8EAB /* GoogleSignInSwift in Frameworks */,
				D220D7472CECF7AB004C8EAB /* FirebaseAnalyticsWithoutAdIdSupport in Frameworks */,
			);
			runOnlyForDeploymentPostprocessing = 0;
		};
		FAB3620629F447DC00A88050 /* Frameworks */ = {
			isa = PBXFrameworksBuildPhase;
			buildActionMask = 2147483647;
			files = (
			);
			runOnlyForDeploymentPostprocessing = 0;
		};
/* End PBXFrameworksBuildPhase section */

/* Begin PBXGroup section */
		D21A57BF2CCAA7FB00AC2D13 /* MarketData */ = {
			isa = PBXGroup;
			children = (
				FA8F60C92A4DA40A0050C983 /* MarketDataFactoryMock.swift */,
				D21A57BD2CCA65AB00AC2D13 /* MarketData+Assertions.swift */,
			);
			path = MarketData;
			sourceTree = "<group>";
		};
		D21A57C42CCAAB9900AC2D13 /* Error */ = {
			isa = PBXGroup;
			children = (
				D21A57C02CCAA8BC00AC2D13 /* ErrorFactoryMock.swift */,
				D21A57C22CCAAB9400AC2D13 /* Error+Assertions.swift */,
			);
			path = Error;
			sourceTree = "<group>";
		};
		D220D7302CEC99B6004C8EAB /* Account */ = {
			isa = PBXGroup;
			children = (
				D220D7322CEC99C4004C8EAB /* ViewModels */,
				D220D7312CEC99C0004C8EAB /* Views */,
			);
			path = Account;
			sourceTree = "<group>";
		};
		D220D7312CEC99C0004C8EAB /* Views */ = {
			isa = PBXGroup;
			children = (
				D220D7342CEC99D2004C8EAB /* AccountView.swift */,
				D220D7542CF0B47F004C8EAB /* SelectionView.swift */,
			);
			path = Views;
			sourceTree = "<group>";
		};
		D220D7322CEC99C4004C8EAB /* ViewModels */ = {
			isa = PBXGroup;
			children = (
				D220D7362CEC99DA004C8EAB /* AccountViewModel.swift */,
			);
			path = ViewModels;
			sourceTree = "<group>";
		};
		D220D74E2CED050E004C8EAB /* Common */ = {
			isa = PBXGroup;
			children = (
				FA61B3EF2A41B714008A9FB9 /* Base */,
				D220D71E2CEC8BD4004C8EAB /* ContentView.swift */,
			);
			path = Common;
			sourceTree = "<group>";
		};
		D220D74F2CED0519004C8EAB /* Views */ = {
			isa = PBXGroup;
			children = (
				D220D74C2CED04B6004C8EAB /* BaseView.swift */,
			);
			path = Views;
			sourceTree = "<group>";
		};
		D220D7502CED0520004C8EAB /* ViewModels */ = {
			isa = PBXGroup;
			children = (
				FA61B3F02A41B71D008A9FB9 /* BaseViewModel.swift */,
			);
			path = ViewModels;
			sourceTree = "<group>";
		};
		D22D33962CB92707007997DD /* SwiftData */ = {
			isa = PBXGroup;
			children = (
				D22D33972CB9270C007997DD /* Models */,
				D22D339C2CB92ABC007997DD /* SwiftDataManager.swift */,
				D22D339F2CB9342A007997DD /* SwiftDataError.swift */,
			);
			path = SwiftData;
			sourceTree = "<group>";
		};
		D22D33972CB9270C007997DD /* Models */ = {
			isa = PBXGroup;
			children = (
				D22D33982CB92721007997DD /* CoinData.swift */,
			);
			path = Models;
			sourceTree = "<group>";
		};
		D275F5912CC972FE00EB4560 /* Persistence */ = {
			isa = PBXGroup;
			children = (
				FA8A088E2A1CFCF20083B8DB /* UserDefaults */,
				D22D33962CB92707007997DD /* SwiftData */,
			);
			path = Persistence;
			sourceTree = "<group>";
		};
		D2A52FDE2CEBCA6C003C1275 /* SupportingFiles */ = {
			isa = PBXGroup;
			children = (
				D2A52FDB2CEB8C0C003C1275 /* Release.xcconfig */,
				D2A52FDA2CEB8B38003C1275 /* Debug.xcconfig */,
				D2AAC1F42CCFF3A900CBAFB0 /* Info.plist */,
				D220D7512CEF3128004C8EAB /* GoogleService-Info.plist */,
			);
			path = SupportingFiles;
			sourceTree = "<group>";
		};
		D2ADB8F32CE5FCD3004DA208 /* Chart */ = {
			isa = PBXGroup;
			children = (
				D2EFF9132CDE20B8004AA5A5 /* ChartData.swift */,
				D2ADB8F12CE5FCD0004DA208 /* ChartTimeframe.swift */,
				D2ADB8F42CE5FCF2004DA208 /* Currency.swift */,
			);
			path = Chart;
			sourceTree = "<group>";
		};
		D2ADB8F62CE5FD1E004DA208 /* Coin */ = {
			isa = PBXGroup;
			children = (
				FAB3624329F453C700A88050 /* Coin.swift */,
				FAB3624629F453DD00A88050 /* CoinSearchResult.swift */,
				FA07AC2529F91120008F6484 /* MarketData.swift */,
			);
			path = Coin;
			sourceTree = "<group>";
		};
		D2D0F9EF2CC2E15100712717 /* Helpers */ = {
			isa = PBXGroup;
			children = (
				D2F6DD652CC65123009EF857 /* Coin */,
				D2EFF9192CE23A82004AA5A5 /* ChartData */,
				D21A57BF2CCAA7FB00AC2D13 /* MarketData */,
				D2F6DD662CC6513F009EF857 /* PriceAlert */,
				D21A57C42CCAAB9900AC2D13 /* Error */,
			);
			path = Helpers;
			sourceTree = "<group>";
		};
		D2EFF9012CDA2ED3004AA5A5 /* Views */ = {
			isa = PBXGroup;
			children = (
				D2EFF9022CDA2EDE004AA5A5 /* ChartShape.swift */,
			);
			path = Views;
			sourceTree = "<group>";
		};
		D2EFF9082CDD10FC004AA5A5 /* CoinDetails */ = {
			isa = PBXGroup;
			children = (
				D2EFF9092CDD110B004AA5A5 /* ViewModels */,
				D2EFF90A2CDD1110004AA5A5 /* Views */,
			);
			path = CoinDetails;
			sourceTree = "<group>";
		};
		D2EFF9092CDD110B004AA5A5 /* ViewModels */ = {
			isa = PBXGroup;
			children = (
				D2EFF90B2CDD111C004AA5A5 /* CoinDetailsViewModel.swift */,
			);
			path = ViewModels;
			sourceTree = "<group>";
		};
		D2EFF90A2CDD1110004AA5A5 /* Views */ = {
			isa = PBXGroup;
			children = (
				D2EFF90D2CDD1129004AA5A5 /* CoinDetailsView.swift */,
			);
			path = Views;
			sourceTree = "<group>";
		};
		D2EFF9192CE23A82004AA5A5 /* ChartData */ = {
			isa = PBXGroup;
			children = (
				D2EFF91A2CE23A8F004AA5A5 /* ChartDataFactoryMock.swift */,
				D2EFF91C2CE23DD0004AA5A5 /* ChartData+Assertions.swift */,
			);
			path = ChartData;
			sourceTree = "<group>";
		};
		D2F6DD652CC65123009EF857 /* Coin */ = {
			isa = PBXGroup;
			children = (
				D2D0F9EB2CC2DF3F00712717 /* CoinFactoryMock.swift */,
				D2D0F9ED2CC2E0C300712717 /* Coin+Assertions.swift */,
			);
			path = Coin;
			sourceTree = "<group>";
		};
		D2F6DD662CC6513F009EF857 /* PriceAlert */ = {
			isa = PBXGroup;
			children = (
				D2F6DD672CC6514E009EF857 /* PriceAlertFactoryMock.swift */,
				D2F6DD692CC65216009EF857 /* PriceAlert+Assertions.swift */,
			);
			path = PriceAlert;
			sourceTree = "<group>";
		};
		D2F6DD6D2CC68EB2009EF857 /* Services */ = {
			isa = PBXGroup;
			children = (
				FAB3625E29F4595D00A88050 /* CoinScannerServiceMock.swift */,
				D2F6DD6B2CC682C3009EF857 /* PriceAlertServiceMock.swift */,
			);
			path = Services;
			sourceTree = "<group>";
		};
		D2F6DD6E2CC68EBA009EF857 /* Persistence */ = {
			isa = PBXGroup;
			children = (
				FACB39AD29FABBC800AA613E /* SwiftDataManagerMock.swift */,
				FAA83CC72A3B6E37001DEE1E /* UserDefaultsManagerMock.swift */,
			);
			path = Persistence;
			sourceTree = "<group>";
		};
		FA07AC2E29F93282008F6484 /* Extensions */ = {
			isa = PBXGroup;
			children = (
				FAE0231C2A1E11E4009BA135 /* Notification */,
				FA07AC2F29F93292008F6484 /* Double+Extensions.swift */,
				D2EFF9062CDCF6EE004AA5A5 /* Optional+Extensions.swift */,
				D2AAC1ED2CCFD17B00CBAFB0 /* Color+Extensions.swift */,
				D2EFF9042CDA2F32004AA5A5 /* Comparable+Extensions.swift */,
				D2EFF9152CDE4C88004AA5A5 /* Date+Extensions.swift */,
				D220D74A2CECFF16004C8EAB /* UIApplication+Extensions.swift */,
			);
			path = Extensions;
			sourceTree = "<group>";
		};
		FA61B3EF2A41B714008A9FB9 /* Base */ = {
			isa = PBXGroup;
			children = (
				D220D7502CED0520004C8EAB /* ViewModels */,
				D220D74F2CED0519004C8EAB /* Views */,
			);
			path = Base;
			sourceTree = "<group>";
		};
		FA8A088E2A1CFCF20083B8DB /* UserDefaults */ = {
			isa = PBXGroup;
			children = (
				FA8A088F2A1CFD040083B8DB /* UserDefaultsManager.swift */,
				FA8A08912A1CFD130083B8DB /* UserDefaultsError.swift */,
			);
			path = UserDefaults;
			sourceTree = "<group>";
		};
		FA8A08932A1D15260083B8DB /* PriceAlertService */ = {
			isa = PBXGroup;
			children = (
				FA8A08942A1D15300083B8DB /* Models */,
				FA8A08882A1CFA820083B8DB /* PriceAlertService.swift */,
			);
			path = PriceAlertService;
			sourceTree = "<group>";
		};
		FA8A08942A1D15300083B8DB /* Models */ = {
			isa = PBXGroup;
			children = (
				FA8A088C2A1CFAF90083B8DB /* PriceAlert.swift */,
			);
			path = Models;
			sourceTree = "<group>";
		};
		FA8A08952A1D15480083B8DB /* CoinScannerService */ = {
			isa = PBXGroup;
			children = (
				FAB3624229F453BB00A88050 /* Models */,
				FAB3624929F453FC00A88050 /* CoinScannerService.swift */,
			);
			path = CoinScannerService;
			sourceTree = "<group>";
		};
		FAB361EA29F447DB00A88050 = {
			isa = PBXGroup;
			children = (
				FAB361F529F447DB00A88050 /* WenMoon */,
				FAB3620C29F447DC00A88050 /* WenMoonTests */,
				FAB361F429F447DB00A88050 /* Products */,
			);
			sourceTree = "<group>";
		};
		FAB361F429F447DB00A88050 /* Products */ = {
			isa = PBXGroup;
			children = (
				FAB361F329F447DB00A88050 /* WenMoon.app */,
				FAB3620929F447DC00A88050 /* WenMoonTests.xctest */,
			);
			name = Products;
			sourceTree = "<group>";
		};
		FAB361F529F447DB00A88050 /* WenMoon */ = {
			isa = PBXGroup;
			children = (
				FAB3622629F447F400A88050 /* Application */,
				FA07AC2E29F93282008F6484 /* Extensions */,
				FAB3622829F4482B00A88050 /* DataLayer */,
				FAB3622B29F4485500A88050 /* PresentationLayer */,
				FAB3622729F4480F00A88050 /* Resources */,
				D2A52FDE2CEBCA6C003C1275 /* SupportingFiles */,
			);
			path = WenMoon;
			sourceTree = "<group>";
		};
		FAB3620C29F447DC00A88050 /* WenMoonTests */ = {
			isa = PBXGroup;
			children = (
				D2D0F9EF2CC2E15100712717 /* Helpers */,
				FAB3624C29F4544100A88050 /* DataLayer */,
				FAB3625C29F4592F00A88050 /* PresentationLayer */,
			);
			path = WenMoonTests;
			sourceTree = "<group>";
		};
		FAB3622629F447F400A88050 /* Application */ = {
			isa = PBXGroup;
			children = (
				FAB361F629F447DB00A88050 /* WenMoonApp.swift */,
				D2A52FDC2CEBC415003C1275 /* AppConfig.swift */,
				FA8A08842A1CF8500083B8DB /* AppDelegate.swift */,
				FAB3620129F447DC00A88050 /* WenMoon.entitlements */,
			);
			path = Application;
			sourceTree = "<group>";
		};
		FAB3622729F4480F00A88050 /* Resources */ = {
			isa = PBXGroup;
			children = (
				FAB361FF29F447DC00A88050 /* Icons.xcassets */,
				D2AAC1F52CCFF83B00CBAFB0 /* Colors.xcassets */,
			);
			path = Resources;
			sourceTree = "<group>";
		};
		FAB3622829F4482B00A88050 /* DataLayer */ = {
			isa = PBXGroup;
			children = (
				D22D33A22CB958A5007997DD /* DescriptiveError.swift */,
				FAB3623229F4510D00A88050 /* Base */,
				FAB3624129F453A400A88050 /* Services */,
				D275F5912CC972FE00EB4560 /* Persistence */,
			);
			path = DataLayer;
			sourceTree = "<group>";
		};
		FAB3622B29F4485500A88050 /* PresentationLayer */ = {
			isa = PBXGroup;
			children = (
				FAB3622C29F4487200A88050 /* Modules */,
				D2EFF9012CDA2ED3004AA5A5 /* Views */,
			);
			path = PresentationLayer;
			sourceTree = "<group>";
		};
		FAB3622C29F4487200A88050 /* Modules */ = {
			isa = PBXGroup;
			children = (
				D220D74E2CED050E004C8EAB /* Common */,
				FAB3622E29F44B0300A88050 /* CoinList */,
				FAB3625429F457C100A88050 /* AddCoin */,
				D2EFF9082CDD10FC004AA5A5 /* CoinDetails */,
				D220D7302CEC99B6004C8EAB /* Account */,
			);
			path = Modules;
			sourceTree = "<group>";
		};
		FAB3622D29F4488300A88050 /* Views */ = {
			isa = PBXGroup;
			children = (
				FAB361FD29F447DB00A88050 /* CoinListView.swift */,
			);
			path = Views;
			sourceTree = "<group>";
		};
		FAB3622E29F44B0300A88050 /* CoinList */ = {
			isa = PBXGroup;
			children = (
				FAB3626829F4650E00A88050 /* ViewModels */,
				FAB3622D29F4488300A88050 /* Views */,
			);
			path = CoinList;
			sourceTree = "<group>";
		};
		FAB3623229F4510D00A88050 /* Base */ = {
			isa = PBXGroup;
			children = (
				FAB3623329F4512100A88050 /* HTTPClient */,
				FAB3623B29F4517800A88050 /* BaseBackendService.swift */,
			);
			path = Base;
			sourceTree = "<group>";
		};
		FAB3623329F4512100A88050 /* HTTPClient */ = {
			isa = PBXGroup;
			children = (
				FAB3623429F4512900A88050 /* Models */,
				FAB3623929F4515C00A88050 /* HTTPClient.swift */,
			);
			path = HTTPClient;
			sourceTree = "<group>";
		};
		FAB3623429F4512900A88050 /* Models */ = {
			isa = PBXGroup;
			children = (
				FAB3623529F4513B00A88050 /* HTTPRequest.swift */,
				FAB3623729F4514B00A88050 /* APIError.swift */,
			);
			path = Models;
			sourceTree = "<group>";
		};
		FAB3624129F453A400A88050 /* Services */ = {
			isa = PBXGroup;
			children = (
				FA8A08952A1D15480083B8DB /* CoinScannerService */,
				FA8A08932A1D15260083B8DB /* PriceAlertService */,
			);
			path = Services;
			sourceTree = "<group>";
		};
		FAB3624229F453BB00A88050 /* Models */ = {
			isa = PBXGroup;
			children = (
				D2ADB8F62CE5FD1E004DA208 /* Coin */,
				D2ADB8F32CE5FCD3004DA208 /* Chart */,
			);
			path = Models;
			sourceTree = "<group>";
		};
		FAB3624C29F4544100A88050 /* DataLayer */ = {
			isa = PBXGroup;
			children = (
				FAB3624E29F4546100A88050 /* Mocks */,
				FAB3625129F4548300A88050 /* Services */,
			);
			path = DataLayer;
			sourceTree = "<group>";
		};
		FAB3624E29F4546100A88050 /* Mocks */ = {
			isa = PBXGroup;
			children = (
				FAB3624F29F4547100A88050 /* HTTPClientMock.swift */,
			);
			path = Mocks;
			sourceTree = "<group>";
		};
		FAB3625129F4548300A88050 /* Services */ = {
			isa = PBXGroup;
			children = (
				FAB3625229F4549800A88050 /* CoinScannerServiceTests.swift */,
				D2F6DD632CC650D4009EF857 /* PriceAlertServiceTests.swift */,
			);
			path = Services;
			sourceTree = "<group>";
		};
		FAB3625429F457C100A88050 /* AddCoin */ = {
			isa = PBXGroup;
			children = (
				FAB3625829F457F300A88050 /* ViewModels */,
				FAB3625529F457CD00A88050 /* Views */,
			);
			path = AddCoin;
			sourceTree = "<group>";
		};
		FAB3625529F457CD00A88050 /* Views */ = {
			isa = PBXGroup;
			children = (
				FAB3625629F457DC00A88050 /* AddCoinView.swift */,
			);
			path = Views;
			sourceTree = "<group>";
		};
		FAB3625829F457F300A88050 /* ViewModels */ = {
			isa = PBXGroup;
			children = (
				FAB3625929F4580C00A88050 /* AddCoinViewModel.swift */,
			);
			path = ViewModels;
			sourceTree = "<group>";
		};
		FAB3625C29F4592F00A88050 /* PresentationLayer */ = {
			isa = PBXGroup;
			children = (
				FAB3625D29F4593A00A88050 /* Mocks */,
				FAB3626029F4596A00A88050 /* ViewModels */,
			);
			path = PresentationLayer;
			sourceTree = "<group>";
		};
		FAB3625D29F4593A00A88050 /* Mocks */ = {
			isa = PBXGroup;
			children = (
				D2F6DD6D2CC68EB2009EF857 /* Services */,
				D2F6DD6E2CC68EBA009EF857 /* Persistence */,
			);
			path = Mocks;
			sourceTree = "<group>";
		};
		FAB3626029F4596A00A88050 /* ViewModels */ = {
			isa = PBXGroup;
			children = (
				FAB3627429F469E700A88050 /* CoinListViewModelTests.swift */,
				FAB3626129F4598F00A88050 /* AddCoinViewModelTests.swift */,
				D2EFF91E2CE24301004AA5A5 /* CoinDetailsViewModelTests.swift */,
			);
			path = ViewModels;
			sourceTree = "<group>";
		};
		FAB3626829F4650E00A88050 /* ViewModels */ = {
			isa = PBXGroup;
			children = (
				FAB3626929F4651F00A88050 /* CoinListViewModel.swift */,
			);
			path = ViewModels;
			sourceTree = "<group>";
		};
		FAE0231C2A1E11E4009BA135 /* Notification */ = {
			isa = PBXGroup;
			children = (
				FAE0231D2A1E11F3009BA135 /* Notification+Name.swift */,
			);
			path = Notification;
			sourceTree = "<group>";
		};
/* End PBXGroup section */

/* Begin PBXNativeTarget section */
		FAB361F229F447DB00A88050 /* WenMoon */ = {
			isa = PBXNativeTarget;
			buildConfigurationList = FAB3621D29F447DC00A88050 /* Build configuration list for PBXNativeTarget "WenMoon" */;
			buildPhases = (
				FAB361EF29F447DB00A88050 /* Sources */,
				FAB361F029F447DB00A88050 /* Frameworks */,
				FAB361F129F447DB00A88050 /* Resources */,
			);
			buildRules = (
			);
			dependencies = (
			);
			name = WenMoon;
			productName = WenMoon;
			productReference = FAB361F329F447DB00A88050 /* WenMoon.app */;
			productType = "com.apple.product-type.application";
		};
		FAB3620829F447DC00A88050 /* WenMoonTests */ = {
			isa = PBXNativeTarget;
			buildConfigurationList = FAB3622029F447DC00A88050 /* Build configuration list for PBXNativeTarget "WenMoonTests" */;
			buildPhases = (
				FAB3620529F447DC00A88050 /* Sources */,
				FAB3620629F447DC00A88050 /* Frameworks */,
				FAB3620729F447DC00A88050 /* Resources */,
			);
			buildRules = (
			);
			dependencies = (
				FAB3620B29F447DC00A88050 /* PBXTargetDependency */,
			);
			name = WenMoonTests;
			productName = WenMoonTests;
			productReference = FAB3620929F447DC00A88050 /* WenMoonTests.xctest */;
			productType = "com.apple.product-type.bundle.unit-test";
		};
/* End PBXNativeTarget section */

/* Begin PBXProject section */
		FAB361EB29F447DB00A88050 /* Project object */ = {
			isa = PBXProject;
			attributes = {
				BuildIndependentTargetsInParallel = 1;
				LastSwiftUpdateCheck = 1430;
				LastUpgradeCheck = 1600;
				TargetAttributes = {
					FAB361F229F447DB00A88050 = {
						CreatedOnToolsVersion = 14.3;
					};
					FAB3620829F447DC00A88050 = {
						CreatedOnToolsVersion = 14.3;
						TestTargetID = FAB361F229F447DB00A88050;
					};
				};
			};
			buildConfigurationList = FAB361EE29F447DB00A88050 /* Build configuration list for PBXProject "WenMoon" */;
			compatibilityVersion = "Xcode 14.0";
			developmentRegion = en;
			hasScannedForEncodings = 0;
			knownRegions = (
				en,
				Base,
			);
			mainGroup = FAB361EA29F447DB00A88050;
			packageReferences = (
				D220D72A2CEC97A3004C8EAB /* XCRemoteSwiftPackageReference "firebase-ios-sdk" */,
				D220D73B2CECA702004C8EAB /* XCRemoteSwiftPackageReference "GoogleSignIn-iOS" */,
			);
			productRefGroup = FAB361F429F447DB00A88050 /* Products */;
			projectDirPath = "";
			projectRoot = "";
			targets = (
				FAB361F229F447DB00A88050 /* WenMoon */,
				FAB3620829F447DC00A88050 /* WenMoonTests */,
			);
		};
/* End PBXProject section */

/* Begin PBXResourcesBuildPhase section */
		FAB361F129F447DB00A88050 /* Resources */ = {
			isa = PBXResourcesBuildPhase;
			buildActionMask = 2147483647;
			files = (
				FAB3620029F447DC00A88050 /* Icons.xcassets in Resources */,
				D2AAC1F62CCFF83B00CBAFB0 /* Colors.xcassets in Resources */,
				D220D7522CEF3128004C8EAB /* GoogleService-Info.plist in Resources */,
			);
			runOnlyForDeploymentPostprocessing = 0;
		};
		FAB3620729F447DC00A88050 /* Resources */ = {
			isa = PBXResourcesBuildPhase;
			buildActionMask = 2147483647;
			files = (
				D220D7532CEF3128004C8EAB /* GoogleService-Info.plist in Resources */,
			);
			runOnlyForDeploymentPostprocessing = 0;
		};
/* End PBXResourcesBuildPhase section */

/* Begin PBXSourcesBuildPhase section */
		FAB361EF29F447DB00A88050 /* Sources */ = {
			isa = PBXSourcesBuildPhase;
			buildActionMask = 2147483647;
			files = (
				D22D33992CB92721007997DD /* CoinData.swift in Sources */,
				FAB3624429F453C700A88050 /* Coin.swift in Sources */,
				FAE0231E2A1E11F3009BA135 /* Notification+Name.swift in Sources */,
				FA8A08852A1CF8500083B8DB /* AppDelegate.swift in Sources */,
				FA07AC2629F91120008F6484 /* MarketData.swift in Sources */,
				D220D7552CF0B47F004C8EAB /* SelectionView.swift in Sources */,
				D22D339D2CB92ABC007997DD /* SwiftDataManager.swift in Sources */,
				D2EFF90E2CDD1129004AA5A5 /* CoinDetailsView.swift in Sources */,
				FA8A08902A1CFD040083B8DB /* UserDefaultsManager.swift in Sources */,
				D2AAC1EE2CCFD17B00CBAFB0 /* Color+Extensions.swift in Sources */,
				FA61B3F12A41B71D008A9FB9 /* BaseViewModel.swift in Sources */,
				D2EFF9072CDCF6EF004AA5A5 /* Optional+Extensions.swift in Sources */,
				FA8A08922A1CFD130083B8DB /* UserDefaultsError.swift in Sources */,
				FAB361F729F447DB00A88050 /* WenMoonApp.swift in Sources */,
				D22D33A02CB9342A007997DD /* SwiftDataError.swift in Sources */,
				FAB3624729F453DD00A88050 /* CoinSearchResult.swift in Sources */,
				FA8A088D2A1CFAF90083B8DB /* PriceAlert.swift in Sources */,
				D220D71F2CEC8BD4004C8EAB /* ContentView.swift in Sources */,
				FAB3623629F4513B00A88050 /* HTTPRequest.swift in Sources */,
				D22D33A32CB958A5007997DD /* DescriptiveError.swift in Sources */,
				D220D74D2CED04B6004C8EAB /* BaseView.swift in Sources */,
				FAB3623A29F4515C00A88050 /* HTTPClient.swift in Sources */,
				FA8A08892A1CFA820083B8DB /* PriceAlertService.swift in Sources */,
				FAB361FE29F447DB00A88050 /* CoinListView.swift in Sources */,
				FAB3623829F4514B00A88050 /* APIError.swift in Sources */,
				FA07AC3029F93292008F6484 /* Double+Extensions.swift in Sources */,
				D2EFF90C2CDD111C004AA5A5 /* CoinDetailsViewModel.swift in Sources */,
				D2EFF9162CDE4C88004AA5A5 /* Date+Extensions.swift in Sources */,
				FAB3625729F457DC00A88050 /* AddCoinView.swift in Sources */,
				D2ADB8F52CE5FCF2004DA208 /* Currency.swift in Sources */,
				FAB3624A29F453FC00A88050 /* CoinScannerService.swift in Sources */,
				FAB3623C29F4517800A88050 /* BaseBackendService.swift in Sources */,
				D220D74B2CECFF16004C8EAB /* UIApplication+Extensions.swift in Sources */,
				D2EFF9032CDA2EDE004AA5A5 /* ChartShape.swift in Sources */,
				D2A52FDD2CEBC415003C1275 /* AppConfig.swift in Sources */,
				D220D7352CEC99D2004C8EAB /* AccountView.swift in Sources */,
				FAB3625A29F4580C00A88050 /* AddCoinViewModel.swift in Sources */,
				FAB3626A29F4651F00A88050 /* CoinListViewModel.swift in Sources */,
				D2ADB8F22CE5FCD0004DA208 /* ChartTimeframe.swift in Sources */,
				D2EFF9142CDE20B8004AA5A5 /* ChartData.swift in Sources */,
				D220D7372CEC99DA004C8EAB /* AccountViewModel.swift in Sources */,
				D2EFF9052CDA2F32004AA5A5 /* Comparable+Extensions.swift in Sources */,
			);
			runOnlyForDeploymentPostprocessing = 0;
		};
		FAB3620529F447DC00A88050 /* Sources */ = {
			isa = PBXSourcesBuildPhase;
			buildActionMask = 2147483647;
			files = (
				D2F6DD6C2CC682C3009EF857 /* PriceAlertServiceMock.swift in Sources */,
				FA8F60CA2A4DA40A0050C983 /* MarketDataFactoryMock.swift in Sources */,
				D21A57BE2CCA65AB00AC2D13 /* MarketData+Assertions.swift in Sources */,
				FAB3625329F4549800A88050 /* CoinScannerServiceTests.swift in Sources */,
				FAB3627529F469E700A88050 /* CoinListViewModelTests.swift in Sources */,
				D2F6DD6A2CC65216009EF857 /* PriceAlert+Assertions.swift in Sources */,
				D2EFF91D2CE23DD0004AA5A5 /* ChartData+Assertions.swift in Sources */,
				FAB3625F29F4595D00A88050 /* CoinScannerServiceMock.swift in Sources */,
				D21A57C32CCAAB9400AC2D13 /* Error+Assertions.swift in Sources */,
				D2F6DD682CC6514E009EF857 /* PriceAlertFactoryMock.swift in Sources */,
				FAB3626229F4598F00A88050 /* AddCoinViewModelTests.swift in Sources */,
				D2EFF91B2CE23A8F004AA5A5 /* ChartDataFactoryMock.swift in Sources */,
				D2EFF91F2CE24301004AA5A5 /* CoinDetailsViewModelTests.swift in Sources */,
				FAB3625029F4547100A88050 /* HTTPClientMock.swift in Sources */,
				D2F6DD642CC650D4009EF857 /* PriceAlertServiceTests.swift in Sources */,
				D2D0F9EC2CC2DF3F00712717 /* CoinFactoryMock.swift in Sources */,
				FAA83CC82A3B6E37001DEE1E /* UserDefaultsManagerMock.swift in Sources */,
				D21A57C12CCAA8BC00AC2D13 /* ErrorFactoryMock.swift in Sources */,
				D2D0F9EE2CC2E0C300712717 /* Coin+Assertions.swift in Sources */,
				FACB39AE29FABBC800AA613E /* SwiftDataManagerMock.swift in Sources */,
			);
			runOnlyForDeploymentPostprocessing = 0;
		};
/* End PBXSourcesBuildPhase section */

/* Begin PBXTargetDependency section */
		FAB3620B29F447DC00A88050 /* PBXTargetDependency */ = {
			isa = PBXTargetDependency;
			target = FAB361F229F447DB00A88050 /* WenMoon */;
			targetProxy = FAB3620A29F447DC00A88050 /* PBXContainerItemProxy */;
		};
/* End PBXTargetDependency section */

/* Begin XCBuildConfiguration section */
		FAB3621B29F447DC00A88050 /* Debug */ = {
			isa = XCBuildConfiguration;
			buildSettings = {
				ALWAYS_SEARCH_USER_PATHS = NO;
				CLANG_ANALYZER_NONNULL = YES;
				CLANG_ANALYZER_NUMBER_OBJECT_CONVERSION = YES_AGGRESSIVE;
				CLANG_CXX_LANGUAGE_STANDARD = "gnu++20";
				CLANG_ENABLE_MODULES = YES;
				CLANG_ENABLE_OBJC_ARC = YES;
				CLANG_ENABLE_OBJC_WEAK = YES;
				CLANG_WARN_BLOCK_CAPTURE_AUTORELEASING = YES;
				CLANG_WARN_BOOL_CONVERSION = YES;
				CLANG_WARN_COMMA = YES;
				CLANG_WARN_CONSTANT_CONVERSION = YES;
				CLANG_WARN_DEPRECATED_OBJC_IMPLEMENTATIONS = YES;
				CLANG_WARN_DIRECT_OBJC_ISA_USAGE = YES_ERROR;
				CLANG_WARN_DOCUMENTATION_COMMENTS = YES;
				CLANG_WARN_EMPTY_BODY = YES;
				CLANG_WARN_ENUM_CONVERSION = YES;
				CLANG_WARN_INFINITE_RECURSION = YES;
				CLANG_WARN_INT_CONVERSION = YES;
				CLANG_WARN_NON_LITERAL_NULL_CONVERSION = YES;
				CLANG_WARN_OBJC_IMPLICIT_RETAIN_SELF = YES;
				CLANG_WARN_OBJC_LITERAL_CONVERSION = YES;
				CLANG_WARN_OBJC_ROOT_CLASS = YES_ERROR;
				CLANG_WARN_QUOTED_INCLUDE_IN_FRAMEWORK_HEADER = YES;
				CLANG_WARN_RANGE_LOOP_ANALYSIS = YES;
				CLANG_WARN_STRICT_PROTOTYPES = YES;
				CLANG_WARN_SUSPICIOUS_MOVE = YES;
				CLANG_WARN_UNGUARDED_AVAILABILITY = YES_AGGRESSIVE;
				CLANG_WARN_UNREACHABLE_CODE = YES;
				CLANG_WARN__DUPLICATE_METHOD_MATCH = YES;
				COPY_PHASE_STRIP = NO;
				DEAD_CODE_STRIPPING = YES;
				DEBUG_INFORMATION_FORMAT = dwarf;
				ENABLE_STRICT_OBJC_MSGSEND = YES;
				ENABLE_TESTABILITY = YES;
				ENABLE_USER_SCRIPT_SANDBOXING = YES;
				GCC_C_LANGUAGE_STANDARD = gnu11;
				GCC_DYNAMIC_NO_PIC = NO;
				GCC_NO_COMMON_BLOCKS = YES;
				GCC_OPTIMIZATION_LEVEL = 0;
				GCC_PREPROCESSOR_DEFINITIONS = (
					"DEBUG=1",
					"$(inherited)",
				);
				GCC_WARN_64_TO_32_BIT_CONVERSION = YES;
				GCC_WARN_ABOUT_RETURN_TYPE = YES_ERROR;
				GCC_WARN_UNDECLARED_SELECTOR = YES;
				GCC_WARN_UNINITIALIZED_AUTOS = YES_AGGRESSIVE;
				GCC_WARN_UNUSED_FUNCTION = YES;
				GCC_WARN_UNUSED_VARIABLE = YES;
				MTL_ENABLE_DEBUG_INFO = INCLUDE_SOURCE;
				MTL_FAST_MATH = YES;
				ONLY_ACTIVE_ARCH = YES;
				SWIFT_ACTIVE_COMPILATION_CONDITIONS = DEBUG;
				SWIFT_OPTIMIZATION_LEVEL = "-Onone";
			};
			name = Debug;
		};
		FAB3621C29F447DC00A88050 /* Release */ = {
			isa = XCBuildConfiguration;
			buildSettings = {
				ALWAYS_SEARCH_USER_PATHS = NO;
				CLANG_ANALYZER_NONNULL = YES;
				CLANG_ANALYZER_NUMBER_OBJECT_CONVERSION = YES_AGGRESSIVE;
				CLANG_CXX_LANGUAGE_STANDARD = "gnu++20";
				CLANG_ENABLE_MODULES = YES;
				CLANG_ENABLE_OBJC_ARC = YES;
				CLANG_ENABLE_OBJC_WEAK = YES;
				CLANG_WARN_BLOCK_CAPTURE_AUTORELEASING = YES;
				CLANG_WARN_BOOL_CONVERSION = YES;
				CLANG_WARN_COMMA = YES;
				CLANG_WARN_CONSTANT_CONVERSION = YES;
				CLANG_WARN_DEPRECATED_OBJC_IMPLEMENTATIONS = YES;
				CLANG_WARN_DIRECT_OBJC_ISA_USAGE = YES_ERROR;
				CLANG_WARN_DOCUMENTATION_COMMENTS = YES;
				CLANG_WARN_EMPTY_BODY = YES;
				CLANG_WARN_ENUM_CONVERSION = YES;
				CLANG_WARN_INFINITE_RECURSION = YES;
				CLANG_WARN_INT_CONVERSION = YES;
				CLANG_WARN_NON_LITERAL_NULL_CONVERSION = YES;
				CLANG_WARN_OBJC_IMPLICIT_RETAIN_SELF = YES;
				CLANG_WARN_OBJC_LITERAL_CONVERSION = YES;
				CLANG_WARN_OBJC_ROOT_CLASS = YES_ERROR;
				CLANG_WARN_QUOTED_INCLUDE_IN_FRAMEWORK_HEADER = YES;
				CLANG_WARN_RANGE_LOOP_ANALYSIS = YES;
				CLANG_WARN_STRICT_PROTOTYPES = YES;
				CLANG_WARN_SUSPICIOUS_MOVE = YES;
				CLANG_WARN_UNGUARDED_AVAILABILITY = YES_AGGRESSIVE;
				CLANG_WARN_UNREACHABLE_CODE = YES;
				CLANG_WARN__DUPLICATE_METHOD_MATCH = YES;
				COPY_PHASE_STRIP = NO;
				DEAD_CODE_STRIPPING = YES;
				DEBUG_INFORMATION_FORMAT = "dwarf-with-dsym";
				ENABLE_NS_ASSERTIONS = NO;
				ENABLE_STRICT_OBJC_MSGSEND = YES;
				ENABLE_USER_SCRIPT_SANDBOXING = YES;
				GCC_C_LANGUAGE_STANDARD = gnu11;
				GCC_NO_COMMON_BLOCKS = YES;
				GCC_WARN_64_TO_32_BIT_CONVERSION = YES;
				GCC_WARN_ABOUT_RETURN_TYPE = YES_ERROR;
				GCC_WARN_UNDECLARED_SELECTOR = YES;
				GCC_WARN_UNINITIALIZED_AUTOS = YES_AGGRESSIVE;
				GCC_WARN_UNUSED_FUNCTION = YES;
				GCC_WARN_UNUSED_VARIABLE = YES;
				MTL_ENABLE_DEBUG_INFO = NO;
				MTL_FAST_MATH = YES;
				SWIFT_COMPILATION_MODE = wholemodule;
				SWIFT_OPTIMIZATION_LEVEL = "-O";
			};
			name = Release;
		};
		FAB3621E29F447DC00A88050 /* Debug */ = {
			isa = XCBuildConfiguration;
			baseConfigurationReference = D2A52FDA2CEB8B38003C1275 /* Debug.xcconfig */;
			buildSettings = {
				ASSETCATALOG_COMPILER_APPICON_NAME = AppIcon;
				ASSETCATALOG_COMPILER_GLOBAL_ACCENT_COLOR_NAME = AccentColor;
				CODE_SIGN_ENTITLEMENTS = WenMoon/Application/WenMoon.entitlements;
				CODE_SIGN_STYLE = Automatic;
				CURRENT_PROJECT_VERSION = "$(BUILD_NUMBER)";
				DEAD_CODE_STRIPPING = YES;
				DEVELOPMENT_ASSET_PATHS = "";
				DEVELOPMENT_TEAM = 4H24ZTYPFZ;
				ENABLE_HARDENED_RUNTIME = YES;
				ENABLE_PREVIEWS = NO;
				GENERATE_INFOPLIST_FILE = YES;
				INFOPLIST_FILE = WenMoon/SupportingFiles/Info.plist;
				"INFOPLIST_KEY_UIApplicationSceneManifest_Generation[sdk=iphoneos*]" = YES;
				"INFOPLIST_KEY_UIApplicationSceneManifest_Generation[sdk=iphonesimulator*]" = YES;
				"INFOPLIST_KEY_UIApplicationSupportsIndirectInputEvents[sdk=iphoneos*]" = YES;
				"INFOPLIST_KEY_UIApplicationSupportsIndirectInputEvents[sdk=iphonesimulator*]" = YES;
				"INFOPLIST_KEY_UILaunchScreen_Generation[sdk=iphoneos*]" = YES;
				"INFOPLIST_KEY_UILaunchScreen_Generation[sdk=iphonesimulator*]" = YES;
				"INFOPLIST_KEY_UIStatusBarStyle[sdk=iphoneos*]" = UIStatusBarStyleDefault;
				"INFOPLIST_KEY_UIStatusBarStyle[sdk=iphonesimulator*]" = UIStatusBarStyleDefault;
				INFOPLIST_KEY_UISupportedInterfaceOrientations = UIInterfaceOrientationPortrait;
				INFOPLIST_KEY_UISupportedInterfaceOrientations_iPad = "UIInterfaceOrientationLandscapeLeft UIInterfaceOrientationLandscapeRight UIInterfaceOrientationPortrait UIInterfaceOrientationPortraitUpsideDown";
				IPHONEOS_DEPLOYMENT_TARGET = 17.6;
				LD_RUNPATH_SEARCH_PATHS = "@executable_path/Frameworks";
				"LD_RUNPATH_SEARCH_PATHS[sdk=macosx*]" = "@executable_path/../Frameworks";
				MACOSX_DEPLOYMENT_TARGET = 13.3;
				MARKETING_VERSION = "$(APP_VERSION)";
				PRODUCT_BUNDLE_IDENTIFIER = com.arturxsan.wenmoon;
				PRODUCT_NAME = "$(TARGET_NAME)";
				SDKROOT = auto;
				SUPPORTED_PLATFORMS = "iphoneos iphonesimulator";
				SUPPORTS_MACCATALYST = NO;
				SUPPORTS_MAC_DESIGNED_FOR_IPHONE_IPAD = NO;
				SWIFT_EMIT_LOC_STRINGS = YES;
				SWIFT_VERSION = 5.0;
				TARGETED_DEVICE_FAMILY = 1;
			};
			name = Debug;
		};
		FAB3621F29F447DC00A88050 /* Release */ = {
			isa = XCBuildConfiguration;
			baseConfigurationReference = D2A52FDB2CEB8C0C003C1275 /* Release.xcconfig */;
			buildSettings = {
				ASSETCATALOG_COMPILER_APPICON_NAME = AppIcon;
				ASSETCATALOG_COMPILER_GLOBAL_ACCENT_COLOR_NAME = AccentColor;
				CODE_SIGN_ENTITLEMENTS = WenMoon/Application/WenMoon.entitlements;
				CODE_SIGN_STYLE = Automatic;
				CURRENT_PROJECT_VERSION = "$(BUILD_NUMBER)";
				DEAD_CODE_STRIPPING = YES;
				DEVELOPMENT_ASSET_PATHS = "";
				DEVELOPMENT_TEAM = 4H24ZTYPFZ;
				ENABLE_HARDENED_RUNTIME = YES;
				ENABLE_PREVIEWS = NO;
				GENERATE_INFOPLIST_FILE = YES;
				INFOPLIST_FILE = WenMoon/SupportingFiles/Info.plist;
				"INFOPLIST_KEY_UIApplicationSceneManifest_Generation[sdk=iphoneos*]" = YES;
				"INFOPLIST_KEY_UIApplicationSceneManifest_Generation[sdk=iphonesimulator*]" = YES;
				"INFOPLIST_KEY_UIApplicationSupportsIndirectInputEvents[sdk=iphoneos*]" = YES;
				"INFOPLIST_KEY_UIApplicationSupportsIndirectInputEvents[sdk=iphonesimulator*]" = YES;
				"INFOPLIST_KEY_UILaunchScreen_Generation[sdk=iphoneos*]" = YES;
				"INFOPLIST_KEY_UILaunchScreen_Generation[sdk=iphonesimulator*]" = YES;
				"INFOPLIST_KEY_UIStatusBarStyle[sdk=iphoneos*]" = UIStatusBarStyleDefault;
				"INFOPLIST_KEY_UIStatusBarStyle[sdk=iphonesimulator*]" = UIStatusBarStyleDefault;
				INFOPLIST_KEY_UISupportedInterfaceOrientations = UIInterfaceOrientationPortrait;
				INFOPLIST_KEY_UISupportedInterfaceOrientations_iPad = "UIInterfaceOrientationLandscapeLeft UIInterfaceOrientationLandscapeRight UIInterfaceOrientationPortrait UIInterfaceOrientationPortraitUpsideDown";
				IPHONEOS_DEPLOYMENT_TARGET = 17.6;
				LD_RUNPATH_SEARCH_PATHS = "@executable_path/Frameworks";
				"LD_RUNPATH_SEARCH_PATHS[sdk=macosx*]" = "@executable_path/../Frameworks";
				MACOSX_DEPLOYMENT_TARGET = 13.3;
				MARKETING_VERSION = "$(APP_VERSION)";
				PRODUCT_BUNDLE_IDENTIFIER = com.arturxsan.wenmoon;
				PRODUCT_NAME = "$(TARGET_NAME)";
				SDKROOT = auto;
				SUPPORTED_PLATFORMS = "iphoneos iphonesimulator";
				SUPPORTS_MACCATALYST = NO;
				SUPPORTS_MAC_DESIGNED_FOR_IPHONE_IPAD = NO;
				SWIFT_EMIT_LOC_STRINGS = YES;
				SWIFT_VERSION = 5.0;
				TARGETED_DEVICE_FAMILY = 1;
			};
			name = Release;
		};
		FAB3622129F447DC00A88050 /* Debug */ = {
			isa = XCBuildConfiguration;
			buildSettings = {
				BUNDLE_LOADER = "$(TEST_HOST)";
				CODE_SIGN_STYLE = Automatic;
				CURRENT_PROJECT_VERSION = 1;
				DEAD_CODE_STRIPPING = YES;
				DEVELOPMENT_TEAM = 4H24ZTYPFZ;
				GENERATE_INFOPLIST_FILE = YES;
				IPHONEOS_DEPLOYMENT_TARGET = 17.6;
				MACOSX_DEPLOYMENT_TARGET = 13.3;
				MARKETING_VERSION = 1.0;
				PRODUCT_BUNDLE_IDENTIFIER = arturtkachenko.WenMoonTests;
				PRODUCT_NAME = "$(TARGET_NAME)";
				SDKROOT = auto;
				SUPPORTED_PLATFORMS = "iphoneos iphonesimulator macosx";
				SWIFT_EMIT_LOC_STRINGS = NO;
				SWIFT_VERSION = 5.0;
				TARGETED_DEVICE_FAMILY = "1,2";
				TEST_HOST = "$(BUILT_PRODUCTS_DIR)/WenMoon.app/$(BUNDLE_EXECUTABLE_FOLDER_PATH)/WenMoon";
			};
			name = Debug;
		};
		FAB3622229F447DC00A88050 /* Release */ = {
			isa = XCBuildConfiguration;
			buildSettings = {
				BUNDLE_LOADER = "$(TEST_HOST)";
				CODE_SIGN_STYLE = Automatic;
				CURRENT_PROJECT_VERSION = 1;
				DEAD_CODE_STRIPPING = YES;
				DEVELOPMENT_TEAM = 4H24ZTYPFZ;
				GENERATE_INFOPLIST_FILE = YES;
				IPHONEOS_DEPLOYMENT_TARGET = 17.6;
				MACOSX_DEPLOYMENT_TARGET = 13.3;
				MARKETING_VERSION = 1.0;
				PRODUCT_BUNDLE_IDENTIFIER = arturtkachenko.WenMoonTests;
				PRODUCT_NAME = "$(TARGET_NAME)";
				SDKROOT = auto;
				SUPPORTED_PLATFORMS = "iphoneos iphonesimulator macosx";
				SWIFT_EMIT_LOC_STRINGS = NO;
				SWIFT_VERSION = 5.0;
				TARGETED_DEVICE_FAMILY = "1,2";
				TEST_HOST = "$(BUILT_PRODUCTS_DIR)/WenMoon.app/$(BUNDLE_EXECUTABLE_FOLDER_PATH)/WenMoon";
			};
			name = Release;
		};
/* End XCBuildConfiguration section */

/* Begin XCConfigurationList section */
		FAB361EE29F447DB00A88050 /* Build configuration list for PBXProject "WenMoon" */ = {
			isa = XCConfigurationList;
			buildConfigurations = (
				FAB3621B29F447DC00A88050 /* Debug */,
				FAB3621C29F447DC00A88050 /* Release */,
			);
			defaultConfigurationIsVisible = 0;
			defaultConfigurationName = Release;
		};
		FAB3621D29F447DC00A88050 /* Build configuration list for PBXNativeTarget "WenMoon" */ = {
			isa = XCConfigurationList;
			buildConfigurations = (
				FAB3621E29F447DC00A88050 /* Debug */,
				FAB3621F29F447DC00A88050 /* Release */,
			);
			defaultConfigurationIsVisible = 0;
			defaultConfigurationName = Release;
		};
		FAB3622029F447DC00A88050 /* Build configuration list for PBXNativeTarget "WenMoonTests" */ = {
			isa = XCConfigurationList;
			buildConfigurations = (
				FAB3622129F447DC00A88050 /* Debug */,
				FAB3622229F447DC00A88050 /* Release */,
			);
			defaultConfigurationIsVisible = 0;
			defaultConfigurationName = Release;
		};
/* End XCConfigurationList section */

/* Begin XCRemoteSwiftPackageReference section */
		D220D72A2CEC97A3004C8EAB /* XCRemoteSwiftPackageReference "firebase-ios-sdk" */ = {
			isa = XCRemoteSwiftPackageReference;
			repositoryURL = "https://github.com/firebase/firebase-ios-sdk";
			requirement = {
				kind = upToNextMajorVersion;
				minimumVersion = 11.5.0;
			};
		};
		D220D73B2CECA702004C8EAB /* XCRemoteSwiftPackageReference "GoogleSignIn-iOS" */ = {
			isa = XCRemoteSwiftPackageReference;
			repositoryURL = "https://github.com/google/GoogleSignIn-iOS";
			requirement = {
				kind = upToNextMajorVersion;
				minimumVersion = 8.0.0;
			};
		};
/* End XCRemoteSwiftPackageReference section */

/* Begin XCSwiftPackageProductDependency section */
		D220D72B2CEC97A3004C8EAB /* FirebaseAnalyticsWithoutAdIdSupport */ = {
			isa = XCSwiftPackageProductDependency;
			package = D220D72A2CEC97A3004C8EAB /* XCRemoteSwiftPackageReference "firebase-ios-sdk" */;
			productName = FirebaseAnalyticsWithoutAdIdSupport;
		};
		D220D73C2CECA702004C8EAB /* GoogleSignInSwift */ = {
			isa = XCSwiftPackageProductDependency;
			package = D220D73B2CECA702004C8EAB /* XCRemoteSwiftPackageReference "GoogleSignIn-iOS" */;
			productName = GoogleSignInSwift;
		};
		D220D73E2CECEBF4004C8EAB /* GoogleSignInSwift */ = {
			isa = XCSwiftPackageProductDependency;
			package = D220D73B2CECA702004C8EAB /* XCRemoteSwiftPackageReference "GoogleSignIn-iOS" */;
			productName = GoogleSignInSwift;
		};
		D220D7462CECF7AB004C8EAB /* FirebaseAnalyticsWithoutAdIdSupport */ = {
			isa = XCSwiftPackageProductDependency;
			package = D220D72A2CEC97A3004C8EAB /* XCRemoteSwiftPackageReference "firebase-ios-sdk" */;
			productName = FirebaseAnalyticsWithoutAdIdSupport;
		};
		D220D7482CECF7AB004C8EAB /* FirebaseAuth */ = {
			isa = XCSwiftPackageProductDependency;
			package = D220D72A2CEC97A3004C8EAB /* XCRemoteSwiftPackageReference "firebase-ios-sdk" */;
			productName = FirebaseAuth;
		};
/* End XCSwiftPackageProductDependency section */
	};
	rootObject = FAB361EB29F447DB00A88050 /* Project object */;
}
